
Microsoft Visual Studio Solution File, Format Version 12.00
# Visual Studio Version 17
VisualStudioVersion = 17.8.34330.188
MinimumVisualStudioVersion = 10.0.40219.1
Project("{8BC9CEB8-8B4A-11D0-8D11-00A0C91BC942}") = "Core", "multi_bot\multi_bot.vcxproj", "{2AFC7620-CD06-44B5-A4A4-53041AF10908}"
	ProjectSection(ProjectDependencies) = postProject
		{7F28108B-D2B6-4B55-9D39-FC0BF76B267C} = {7F28108B-D2B6-4B55-9D39-FC0BF76B267C}
	EndProjectSection
EndProject
Project("{8BC9CEB8-8B4A-11D0-8D11-00A0C91BC942}") = "Console", "Console\Console.vcxproj", "{DE630341-83A3-490E-9335-9909772C06DF}"
	ProjectSection(ProjectDependencies) = postProject
		{2AFC7620-CD06-44B5-A4A4-53041AF10908} = {2AFC7620-CD06-44B5-A4A4-53041AF10908}
	EndProjectSection
EndProject
Project("{8BC9CEB8-8B4A-11D0-8D11-00A0C91BC942}") = "Vendor", "Vendor\Vendor.vcxproj", "{7F28108B-D2B6-4B55-9D39-FC0BF76B267C}"
EndProject
Global
	GlobalSection(SolutionConfigurationPlatforms) = preSolution
		Debug|x64 = Debug|x64
		Debug|x86 = Debug|x86
		Release|x64 = Release|x64
		Release|x86 = Release|x86
		RelMinSize|x64 = RelMinSize|x64
		RelMinSize|x86 = RelMinSize|x86
	EndGlobalSection
	GlobalSection(ProjectConfigurationPlatforms) = postSolution
		{2AFC7620-CD06-44B5-A4A4-53041AF10908}.Debug|x64.ActiveCfg = Debug|x64
		{2AFC7620-CD06-44B5-A4A4-53041AF10908}.Debug|x64.Build.0 = Debug|x64
		{2AFC7620-CD06-44B5-A4A4-53041AF10908}.Debug|x86.ActiveCfg = Debug|Win32
		{2AFC7620-CD06-44B5-A4A4-53041AF10908}.Debug|x86.Build.0 = Debug|Win32
		{2AFC7620-CD06-44B5-A4A4-53041AF10908}.Release|x64.ActiveCfg = Release|x64
		{2AFC7620-CD06-44B5-A4A4-53041AF10908}.Release|x64.Build.0 = Release|x64
		{2AFC7620-CD06-44B5-A4A4-53041AF10908}.Release|x86.ActiveCfg = Release|Win32
		{2AFC7620-CD06-44B5-A4A4-53041AF10908}.Release|x86.Build.0 = Release|Win32
		{2AFC7620-CD06-44B5-A4A4-53041AF10908}.RelMinSize|x64.ActiveCfg = RelMinSize|x64
		{2AFC7620-CD06-44B5-A4A4-53041AF10908}.RelMinSize|x64.Build.0 = RelMinSize|x64
		{2AFC7620-CD06-44B5-A4A4-53041AF10908}.RelMinSize|x86.ActiveCfg = RelMinSize|Win32
		{2AFC7620-CD06-44B5-A4A4-53041AF10908}.RelMinSize|x86.Build.0 = RelMinSize|Win32
		{DE630341-83A3-490E-9335-9909772C06DF}.Debug|x64.ActiveCfg = Debug|x64
		{DE630341-83A3-490E-9335-9909772C06DF}.Debug|x64.Build.0 = Debug|x64
		{DE630341-83A3-490E-9335-9909772C06DF}.Debug|x86.ActiveCfg = Debug|Win32
		{DE630341-83A3-490E-9335-9909772C06DF}.Debug|x86.Build.0 = Debug|Win32
		{DE630341-83A3-490E-9335-9909772C06DF}.Release|x64.ActiveCfg = Release|x64
		{DE630341-83A3-490E-9335-9909772C06DF}.Release|x64.Build.0 = Release|x64
		{DE630341-83A3-490E-9335-9909772C06DF}.Release|x86.ActiveCfg = Release|Win32
		{DE630341-83A3-490E-9335-9909772C06DF}.Release|x86.Build.0 = Release|Win32
		{DE630341-83A3-490E-9335-9909772C06DF}.RelMinSize|x64.ActiveCfg = RelMinSize|x64
		{DE630341-83A3-490E-9335-9909772C06DF}.RelMinSize|x64.Build.0 = RelMinSize|x64
		{DE630341-83A3-490E-9335-9909772C06DF}.RelMinSize|x86.ActiveCfg = RelMinSize|Win32
		{DE630341-83A3-490E-9335-9909772C06DF}.RelMinSize|x86.Build.0 = RelMinSize|Win32
		{7F28108B-D2B6-4B55-9D39-FC0BF76B267C}.Debug|x64.ActiveCfg = Debug|x64
		{7F28108B-D2B6-4B55-9D39-FC0BF76B267C}.Debug|x64.Build.0 = Debug|x64
		{7F28108B-D2B6-4B55-9D39-FC0BF76B267C}.Debug|x86.ActiveCfg = Debug|Win32
		{7F28108B-D2B6-4B55-9D39-FC0BF76B267C}.Debug|x86.Build.0 = Debug|Win32
		{7F28108B-D2B6-4B55-9D39-FC0BF76B267C}.Release|x64.ActiveCfg = Release|x64
		{7F28108B-D2B6-4B55-9D39-FC0BF76B267C}.Release|x64.Build.0 = Release|x64
		{7F28108B-D2B6-4B55-9D39-FC0BF76B267C}.Release|x86.ActiveCfg = Release|Win32
		{7F28108B-D2B6-4B55-9D39-FC0BF76B267C}.Release|x86.Build.0 = Release|Win32
		{7F28108B-D2B6-4B55-9D39-FC0BF76B267C}.RelMinSize|x64.ActiveCfg = RelMinSize|x64
		{7F28108B-D2B6-4B55-9D39-FC0BF76B267C}.RelMinSize|x64.Build.0 = RelMinSize|x64
		{7F28108B-D2B6-4B55-9D39-FC0BF76B267C}.RelMinSize|x86.ActiveCfg = RelMinSize|Win32
		{7F28108B-D2B6-4B55-9D39-FC0BF76B267C}.RelMinSize|x86.Build.0 = RelMinSize|Win32
	EndGlobalSection
	GlobalSection(SolutionProperties) = preSolution
		HideSolutionNode = FALSE
	EndGlobalSection
	GlobalSection(ExtensibilityGlobals) = postSolution
		SolutionGuid = {3665873C-EEF0-4194-839A-9AA971615DCE}
	EndGlobalSection
EndGlobal
