<?xml version="1.0" encoding="utf-8"?>
<Project ToolsVersion="4.0" xmlns="http://schemas.microsoft.com/developer/msbuild/2003">
  <ItemGroup>
    <Filter Include="Source Files">
      <UniqueIdentifier>{4FC737F1-C7A5-4376-A066-2A32D752A2FF}</UniqueIdentifier>
      <Extensions>cpp;c;cc;cxx;c++;cppm;ixx;def;odl;idl;hpj;bat;asm;asmx</Extensions>
    </Filter>
    <Filter Include="Header Files">
      <UniqueIdentifier>{93995380-89BD-4b04-88EB-625FBE52EBFB}</UniqueIdentifier>
      <Extensions>h;hh;hpp;hxx;h++;hm;inl;inc;ipp;xsd</Extensions>
    </Filter>
    <Filter Include="Resource Files">
      <UniqueIdentifier>{67DA6AB6-F800-4c08-8B7A-83BB121AAD01}</UniqueIdentifier>
      <Extensions>rc;ico;cur;bmp;dlg;rc2;rct;bin;rgs;gif;jpg;jpeg;jpe;resx;tiff;tif;png;wav;mfcribbon-ms</Extensions>
    </Filter>
  </ItemGroup>
  <ItemGroup>
    <ClInclude Include="Bot\Bot.h">
      <Filter>Header Files</Filter>
    </ClInclude>
    <ClInclude Include="Network\Enet\EnetPeer.h">
      <Filter>Header Files</Filter>
    </ClInclude>
    <ClInclude Include="Utils\TextParse.h">
      <Filter>Header Files</Filter>
    </ClInclude>
    <ClInclude Include="Logger\ILogger.hpp">
      <Filter>Header Files</Filter>
    </ClInclude>
    <ClInclude Include="Utils\Random.h">
      <Filter>Header Files</Filter>
    </ClInclude>
    <ClInclude Include="Network\Http\HttpClient.h">
      <Filter>Header Files</Filter>
    </ClInclude>
    <ClInclude Include="Packet\Packet.h">
      <Filter>Header Files</Filter>
    </ClInclude>
    <ClInclude Include="Packet\PacketTypes.h">
      <Filter>Header Files</Filter>
    </ClInclude>
    <ClInclude Include="Utils\Klv.hpp">
      <Filter>Header Files</Filter>
    </ClInclude>
    <ClInclude Include="Utils\Hash.hpp">
      <Filter>Header Files</Filter>
    </ClInclude>
    <ClInclude Include="Network\Enet\EnetClient.h">
      <Filter>Header Files</Filter>
    </ClInclude>
    <ClInclude Include="Bot\NetAvatar.h">
      <Filter>Header Files</Filter>
    </ClInclude>
    <ClInclude Include="Bot\PacketHandler\IPacketHandler.hpp">
      <Filter>Header Files</Filter>
    </ClInclude>
    <ClInclude Include="Bot\PacketHandler\PacketHandlerRegistry.h">
      <Filter>Header Files</Filter>
    </ClInclude>
    <ClInclude Include="Bot\PacketHandler\Handlers\TextPacket\GenericTextHandler.hpp">
      <Filter>Header Files</Filter>
    </ClInclude>
    <ClInclude Include="Bot\PacketHandler\Handlers\TextPacket\ActionPacket\LogonFailHandler.hpp">
      <Filter>Header Files</Filter>
    </ClInclude>
    <ClInclude Include="Bot\PacketHandler\Handlers\TextPacket\TrackPacket\WorldExitHandler.hpp">
      <Filter>Header Files</Filter>
    </ClInclude>
    <ClInclude Include="Bot\PacketHandler\Handlers\TextPacket\TrackPacket\WorldVisitHandler.hpp">
      <Filter>Header Files</Filter>
    </ClInclude>
    <ClInclude Include="Bot\PacketHandler\Handlers\TankPacket\PingRequestHandler.hpp">
      <Filter>Header Files</Filter>
    </ClInclude>
    <ClInclude Include="Bot\PacketHandler\Handlers\TankPacket\PacketStateHandler.hpp">
      <Filter>Header Files</Filter>
    </ClInclude>
    <ClInclude Include="Bot\PacketHandler\Handlers\VarlistPacket\OnSendToServerHandler.hpp">
      <Filter>Header Files</Filter>
    </ClInclude>
    <ClInclude Include="Bot\RedirectServerData.h">
      <Filter>Header Files</Filter>
    </ClInclude>
    <ClInclude Include="Bot\PacketHandler\Handlers\VarlistPacket\OnReconnect.hpp">
      <Filter>Header Files</Filter>
    </ClInclude>
    <ClInclude Include="Bot\PacketHandler\Handlers\VarlistPacket\OnSuperMainAccepHandler.hpp">
      <Filter>Header Files</Filter>
    </ClInclude>
    <ClInclude Include="Bot\PacketHandler\Handlers\VarlistPacket\OnSetPosHandler.hpp">
      <Filter>Header Files</Filter>
    </ClInclude>
    <ClInclude Include="Bot\PacketHandler\Handlers\VarlistPacket\OnSpawnHandler.hpp">
      <Filter>Header Files</Filter>
    </ClInclude>
    <ClInclude Include="Bot\PacketHandler\Handlers\VarlistPacket\OnRemoveHandler.hpp">
      <Filter>Header Files</Filter>
    </ClInclude>
    <ClInclude Include="Bot\BotManager.h">
      <Filter>Header Files</Filter>
    </ClInclude>
    <ClInclude Include="Bot\PacketHandler\Handlers\TextPacket\HelloPacket\HelloPacketHandler.hpp">
      <Filter>Header Files</Filter>
    </ClInclude>
    <ClInclude Include="Bot\LoginData.h">
      <Filter>Header Files</Filter>
    </ClInclude>
    <ClInclude Include="Bot\PacketHandler\Handlers\TankPacket\InventoryStateHandler.hpp">
      <Filter>Header Files</Filter>
    </ClInclude>
    <ClInclude Include="Utils\BinaryStreamReader.h">
      <Filter>Header Files</Filter>
    </ClInclude>
    <ClInclude Include="Bot\Inventory\Inventory.h">
      <Filter>Header Files</Filter>
    </ClInclude>
    <ClInclude Include="Bot\World\WorldInfo.h">
      <Filter>Header Files</Filter>
    </ClInclude>
    <ClInclude Include="Bot\World\WorldItemObject.h">
      <Filter>Header Files</Filter>
    </ClInclude>
    <ClInclude Include="Bot\World\WorldTile.h">
      <Filter>Header Files</Filter>
    </ClInclude>
    <ClInclude Include="Bot\PacketHandler\Handlers\TankPacket\ItemChangeObjectHandler.hpp">
      <Filter>Header Files</Filter>
    </ClInclude>
    <ClInclude Include="Bot\World\WorldTileExtraTypes.h">
      <Filter>Header Files</Filter>
    </ClInclude>
    <ClInclude Include="Bot\PacketHandler\Handlers\TankPacket\SendMapDataHandler.hpp">
      <Filter>Header Files</Filter>
    </ClInclude>
    <ClInclude Include="Bot\PacketHandler\Handlers\TankPacket\ModifyItemInventoryHandler.hpp">
      <Filter>Header Files</Filter>
    </ClInclude>
    <ClInclude Include="Bot\PacketHandler\Handlers\TankPacket\TileChangeRequestHandler.hpp">
      <Filter>Header Files</Filter>
    </ClInclude>
    <ClInclude Include="ItemDatabase\ItemInfo.h">
      <Filter>Header Files</Filter>
    </ClInclude>
    <ClInclude Include="ItemDatabase\ItemDatabase.h">
      <Filter>Header Files</Filter>
    </ClInclude>
    <ClInclude Include="Bot\PacketHandler\Handlers\TankPacket\TileUpdateDataHandler.hpp">
      <Filter>Header Files</Filter>
    </ClInclude>
    <ClInclude Include="Bot\World\WorldNPC.h">
      <Filter>Header Files</Filter>
    </ClInclude>
    <ClInclude Include="Bot\PacketHandler\Handlers\TankPacket\PacketNPCHandler.hpp">
      <Filter>Header Files</Filter>
    </ClInclude>
    <ClInclude Include="Lua\LuaExecutor.h">
      <Filter>Header Files</Filter>
    </ClInclude>
    <ClInclude Include="Lua\ILuaLibrary.h">
      <Filter>Header Files</Filter>
    </ClInclude>
    <ClInclude Include="Utils\Timer.h">
      <Filter>Header Files</Filter>
    </ClInclude>
    <ClInclude Include="Lua\BuiltinLibs\BuiltinLuaLib.h">
      <Filter>Header Files</Filter>
    </ClInclude>
    <ClInclude Include="Lua\BuiltinLibs\Functions\Sleep.hpp">
      <Filter>Header Files</Filter>
    </ClInclude>
    <ClInclude Include="Bot\Lua\BotApi\LuaBotApiLib.h">
      <Filter>Header Files</Filter>
    </ClInclude>
    <ClInclude Include="Bot\Lua\BotApi\Functions\SendRawPacket.hpp">
      <Filter>Header Files</Filter>
    </ClInclude>
    <ClInclude Include="Bot\Lua\BotApi\Functions\GetLocal.hpp">
      <Filter>Source Files</Filter>
    </ClInclude>
    <ClInclude Include="Bot\Lua\BotApi\Functions\SendTextPacket.hpp">
      <Filter>Source Files</Filter>
    </ClInclude>
    <ClInclude Include="Bot\Lua\BotApi\Functions\IsInGame.hpp">
      <Filter>Header Files</Filter>
    </ClInclude>
    <ClInclude Include="Bot\Lua\BotApi\Functions\IsInWorld.hpp">
      <Filter>Header Files</Filter>
    </ClInclude>
    <ClInclude Include="Bot\Lua\BotApi\Functions\AddHook.hpp">
      <Filter>Header Files</Filter>
    </ClInclude>
    <ClInclude Include="Bot\Lua\BotApi\Structs\TankPacketLua.h">
      <Filter>Header Files</Filter>
    </ClInclude>
    <ClInclude Include="Lua\LuaHelper.h">
      <Filter>Header Files</Filter>
    </ClInclude>
    <ClInclude Include="Bot\Lua\BotApi\Structs\VarlistPacketLua.h">
      <Filter>Header Files</Filter>
    </ClInclude>
    <ClInclude Include="Lua\BuiltinLibs\Functions\RunThread.hpp">
      <Filter>Header Files</Filter>
    </ClInclude>
    <ClInclude Include="Bot\PacketHandler\Handlers\VarlistPacket\OnSetBux.hpp">
      <Filter>Header Files</Filter>
    </ClInclude>
    <ClInclude Include="Lua\BuiltinLibs\Functions\SendWebhook.hpp">
      <Filter>Header Files</Filter>
    </ClInclude>
    <ClInclude Include="Bot\Lua\BotApi\Functions\DebugGetFaultyTile.hpp">
      <Filter>Header Files</Filter>
    </ClInclude>
    <ClInclude Include="Bot\Lua\BotApi\Structs\NetAvatarLua.h">
      <Filter>Header Files</Filter>
    </ClInclude>
    <ClInclude Include="Bot\PacketHandler\Handlers\TankPacket\TileUpdateDataMultipleHandler.hpp">
      <Filter>Header Files</Filter>
    </ClInclude>
    <ClInclude Include="Bot\PacketHandler\PacketHandlerManager.h">
      <Filter>Header Files</Filter>
    </ClInclude>
  </ItemGroup>
  <ItemGroup>
    <ClCompile Include="Bot\Bot.cpp">
      <Filter>Source Files</Filter>
    </ClCompile>
    <ClCompile Include="Network\Enet\EnetPeer.cpp">
      <Filter>Source Files</Filter>
    </ClCompile>
    <ClCompile Include="Utils\TextParse.cpp">
      <Filter>Source Files</Filter>
    </ClCompile>
    <ClCompile Include="Utils\Random.cpp">
      <Filter>Source Files</Filter>
    </ClCompile>
    <ClCompile Include="Network\Http\HttpClient.cpp">
      <Filter>Source Files</Filter>
    </ClCompile>
    <ClCompile Include="Packet\Packet.cpp">
      <Filter>Source Files</Filter>
    </ClCompile>
    <ClCompile Include="Network\Enet\EnetClient.cpp">
      <Filter>Source Files</Filter>
    </ClCompile>
    <ClCompile Include="Bot\PacketHandler\PacketHandlerRegistry.cpp">
      <Filter>Source Files</Filter>
    </ClCompile>
    <ClCompile Include="Bot\BotManager.cpp">
      <Filter>Source Files</Filter>
    </ClCompile>
    <ClCompile Include="Utils\BinaryStreamReader.cpp">
      <Filter>Source Files</Filter>
    </ClCompile>
    <ClCompile Include="Bot\Inventory\Inventory.cpp">
      <Filter>Source Files</Filter>
    </ClCompile>
    <ClCompile Include="Bot\World\WorldInfo.cpp">
      <Filter>Source Files</Filter>
    </ClCompile>
    <ClCompile Include="ItemDatabase\ItemDatabase.cpp">
      <Filter>Source Files</Filter>
    </ClCompile>
    <ClCompile Include="Lua\LuaExecutor.cpp">
      <Filter>Source Files</Filter>
    </ClCompile>
    <ClCompile Include="Lua\BuiltinLibs\BuiltinLuaLib.cpp">
      <Filter>Source Files</Filter>
    </ClCompile>
    <ClCompile Include="Bot\Lua\BotApi\LuaBotApiLib.cpp">
      <Filter>Source Files</Filter>
    </ClCompile>
    <ClCompile Include="Bot\Lua\BotApi\Structs\TankPacketLua.cpp">
      <Filter>Source Files</Filter>
    </ClCompile>
    <ClCompile Include="Bot\Lua\BotApi\Structs\VarlistPacketLua.cpp">
      <Filter>Source Files</Filter>
    </ClCompile>
    <ClCompile Include="Bot\Lua\BotApi\Structs\NetAvatarLua.cpp">
      <Filter>Source Files</Filter>
    </ClCompile>
    <ClCompile Include="Bot\PacketHandler\PacketHandlerManager.cpp">
      <Filter>Source Files</Filter>
    </ClCompile>
    <ClCompile Include="Bot\World\WorldTile.cpp">
      <Filter>Source Files</Filter>
    </ClCompile>
  </ItemGroup>
</Project>